
Microsoft Visual Studio Solution File, Format Version 12.00
# Visual Studio Version 17
VisualStudioVersion = 17.4.33205.214
MinimumVisualStudioVersion = 10.0.40219.1
Project("{9A19103F-16F7-4668-BE54-9A1E7A4F7556}") = "DomainModel", "DomainModel\DomainModel.csproj", "{0FE119E2-0E47-432C-9AC1-4065E0F947EB}"
EndProject
Project("{9A19103F-16F7-4668-BE54-9A1E7A4F7556}") = "DataAccessLayer", "DataAccessLayer\DataAccessLayer.csproj", "{D900CFD7-B23A-4A9D-919D-9C0FAA9EB744}"
EndProject
Project("{9A19103F-16F7-4668-BE54-9A1E7A4F7556}") = "WebAPI", "WebAPI\WebAPI.csproj", "{6601AC3F-4E07-45AC-87A6-46847FA355BB}"
EndProject
Project("{54A90642-561A-4BB1-A94E-469ADEE60C69}") = "reactui", "ReactUI\reactui.esproj", "{DB06B01B-379B-483C-A558-C0B31FD1A01E}"
EndProject
Global
	GlobalSection(SolutionConfigurationPlatforms) = preSolution
		Debug|Any CPU = Debug|Any CPU
		Release|Any CPU = Release|Any CPU
	EndGlobalSection
	GlobalSection(ProjectConfigurationPlatforms) = postSolution
		{0FE119E2-0E47-432C-9AC1-4065E0F947EB}.Debug|Any CPU.ActiveCfg = Debug|Any CPU
		{0FE119E2-0E47-432C-9AC1-4065E0F947EB}.Debug|Any CPU.Build.0 = Debug|Any CPU
		{0FE119E2-0E47-432C-9AC1-4065E0F947EB}.Release|Any CPU.ActiveCfg = Release|Any CPU
		{0FE119E2-0E47-432C-9AC1-4065E0F947EB}.Release|Any CPU.Build.0 = Release|Any CPU
		{D900CFD7-B23A-4A9D-919D-9C0FAA9EB744}.Debug|Any CPU.ActiveCfg = Debug|Any CPU
		{D900CFD7-B23A-4A9D-919D-9C0FAA9EB744}.Debug|Any CPU.Build.0 = Debug|Any CPU
		{D900CFD7-B23A-4A9D-919D-9C0FAA9EB744}.Release|Any CPU.ActiveCfg = Release|Any CPU
		{D900CFD7-B23A-4A9D-919D-9C0FAA9EB744}.Release|Any CPU.Build.0 = Release|Any CPU
		{6601AC3F-4E07-45AC-87A6-46847FA355BB}.Debug|Any CPU.ActiveCfg = Debug|Any CPU
		{6601AC3F-4E07-45AC-87A6-46847FA355BB}.Debug|Any CPU.Build.0 = Debug|Any CPU
		{6601AC3F-4E07-45AC-87A6-46847FA355BB}.Release|Any CPU.ActiveCfg = Release|Any CPU
		{6601AC3F-4E07-45AC-87A6-46847FA355BB}.Release|Any CPU.Build.0 = Release|Any CPU
		{DB06B01B-379B-483C-A558-C0B31FD1A01E}.Debug|Any CPU.ActiveCfg = Debug|Any CPU
		{DB06B01B-379B-483C-A558-C0B31FD1A01E}.Debug|Any CPU.Build.0 = Debug|Any CPU
		{DB06B01B-379B-483C-A558-C0B31FD1A01E}.Debug|Any CPU.Deploy.0 = Debug|Any CPU
		{DB06B01B-379B-483C-A558-C0B31FD1A01E}.Release|Any CPU.ActiveCfg = Release|Any CPU
		{DB06B01B-379B-483C-A558-C0B31FD1A01E}.Release|Any CPU.Build.0 = Release|Any CPU
		{DB06B01B-379B-483C-A558-C0B31FD1A01E}.Release|Any CPU.Deploy.0 = Release|Any CPU
	EndGlobalSection
	GlobalSection(SolutionProperties) = preSolution
		HideSolutionNode = FALSE
	EndGlobalSection
	GlobalSection(ExtensibilityGlobals) = postSolution
		SolutionGuid = {5E6BCAD4-B6FF-4410-B65D-A00F7C11C46E}
	EndGlobalSection
EndGlobal
